
Microsoft Visual Studio Solution File, Format Version 10.00
# Visual Studio 2008
Project("{6989167D-11E4-40FE-8C1A-2192A86A7E90}") = "HYMOD_example", "HYMOD_example\HYMOD_example.vfproj", "{8A396F93-9C67-470C-B3EB-0409C0414B5E}"
EndProject
Project("{6989167D-11E4-40FE-8C1A-2192A86A7E90}") = "Rosenbrock_example", "Rosenbrock_example\Rosenbrock_example.vfproj", "{49C26CBF-0C41-4696-9CBE-97CF179D2E2B}"
EndProject
Global
	GlobalSection(SolutionConfigurationPlatforms) = preSolution
		Debug|Win32 = Debug|Win32
		Release|Win32 = Release|Win32
	EndGlobalSection
	GlobalSection(ProjectConfigurationPlatforms) = postSolution
		{8A396F93-9C67-470C-B3EB-0409C0414B5E}.Debug|Win32.ActiveCfg = Debug|Win32
		{8A396F93-9C67-470C-B3EB-0409C0414B5E}.Debug|Win32.Build.0 = Debug|Win32
		{8A396F93-9C67-470C-B3EB-0409C0414B5E}.Release|Win32.ActiveCfg = Release|Win32
		{8A396F93-9C67-470C-B3EB-0409C0414B5E}.Release|Win32.Build.0 = Release|Win32
		{49C26CBF-0C41-4696-9CBE-97CF179D2E2B}.Debug|Win32.ActiveCfg = Debug|Win32
		{49C26CBF-0C41-4696-9CBE-97CF179D2E2B}.Debug|Win32.Build.0 = Debug|Win32
		{49C26CBF-0C41-4696-9CBE-97CF179D2E2B}.Release|Win32.ActiveCfg = Release|Win32
		{49C26CBF-0C41-4696-9CBE-97CF179D2E2B}.Release|Win32.Build.0 = Release|Win32
	EndGlobalSection
	GlobalSection(SolutionProperties) = preSolution
		HideSolutionNode = FALSE
	EndGlobalSection
EndGlobal
